
Microsoft Visual Studio Solution File, Format Version 12.00
# Visual Studio 15
VisualStudioVersion = 15.0.28307.168
MinimumVisualStudioVersion = 10.0.40219.1
Project("{8BC9CEB8-8B4A-11D0-8D11-00A0C91BC942}") = "Exercise4_Recursion", "Exercise4_Recursion\Exercise4_Recursion.vcxproj", "{B90C1E24-1EF7-4CD8-A333-B5E84C76AD03}"
EndProject
Global
	GlobalSection(SolutionConfigurationPlatforms) = preSolution
		Debug|x64 = Debug|x64
		Debug|x86 = Debug|x86
		Release|x64 = Release|x64
		Release|x86 = Release|x86
	EndGlobalSection
	GlobalSection(ProjectConfigurationPlatforms) = postSolution
		{B90C1E24-1EF7-4CD8-A333-B5E84C76AD03}.Debug|x64.ActiveCfg = Debug|x64
		{B90C1E24-1EF7-4CD8-A333-B5E84C76AD03}.Debug|x64.Build.0 = Debug|x64
		{B90C1E24-1EF7-4CD8-A333-B5E84C76AD03}.Debug|x86.ActiveCfg = Debug|Win32
		{B90C1E24-1EF7-4CD8-A333-B5E84C76AD03}.Debug|x86.Build.0 = Debug|Win32
		{B90C1E24-1EF7-4CD8-A333-B5E84C76AD03}.Release|x64.ActiveCfg = Release|x64
		{B90C1E24-1EF7-4CD8-A333-B5E84C76AD03}.Release|x64.Build.0 = Release|x64
		{B90C1E24-1EF7-4CD8-A333-B5E84C76AD03}.Release|x86.ActiveCfg = Release|Win32
		{B90C1E24-1EF7-4CD8-A333-B5E84C76AD03}.Release|x86.Build.0 = Release|Win32
	EndGlobalSection
	GlobalSection(SolutionProperties) = preSolution
		HideSolutionNode = FALSE
	EndGlobalSection
	GlobalSection(ExtensibilityGlobals) = postSolution
		SolutionGuid = {C25E3FD3-5651-4C1B-855A-B59E54E6EA94}
	EndGlobalSection
EndGlobal
